
Microsoft Visual Studio Solution File, Format Version 12.00
# Visual Studio 14
VisualStudioVersion = 14.0.24720.0
MinimumVisualStudioVersion = 10.0.40219.1
Project("{FAE04EC0-301F-11D3-BF4B-00C04F79EFBC}") = "GadgeteerSensors", "GadgeteerSensors\GadgeteerSensors.csproj", "{DC30CE66-DAEE-4CCF-BD02-8837FE918B6F}"
EndProject
Project("{2150E333-8FDC-42A3-9474-1A3956D46DE8}") = "sketches", "sketches", "{BF835282-F91A-4A43-83F5-5420F17B2FAE}"
EndProject
Project("{2150E333-8FDC-42A3-9474-1A3956D46DE8}") = "AzureIotWeatherStation", "AzureIotWeatherStation", "{5936462E-C20C-4CA0-8DB3-8FD7D71B528A}"
	ProjectSection(SolutionItems) = preProject
		sketches\AzureIotWeatherStation\AzureIotWeatherStation.ino = sketches\AzureIotWeatherStation\AzureIotWeatherStation.ino
	EndProjectSection
EndProject
Project("{2150E333-8FDC-42A3-9474-1A3956D46DE8}") = "remoteSensingRedBoxFirmata", "remoteSensingRedBoxFirmata", "{328D59D6-1BB3-46F5-86CA-0D8E742FC57A}"
	ProjectSection(SolutionItems) = preProject
		sketches\remoteSensingRedBoxFirmata\remoteSensingRedBoxFirmata.ino = sketches\remoteSensingRedBoxFirmata\remoteSensingRedBoxFirmata.ino
	EndProjectSection
EndProject
Project("{2150E333-8FDC-42A3-9474-1A3956D46DE8}") = "squirrel", "squirrel", "{16A2C949-4A70-496D-A29D-E0A0856F01C5}"
	ProjectSection(SolutionItems) = preProject
		squirrel\agent.nut = squirrel\agent.nut
		squirrel\device.nut = squirrel\device.nut
	EndProjectSection
EndProject
Global
	GlobalSection(SolutionConfigurationPlatforms) = preSolution
		Debug|ARM = Debug|ARM
		Debug|x64 = Debug|x64
		Debug|x86 = Debug|x86
		Release|ARM = Release|ARM
		Release|x64 = Release|x64
		Release|x86 = Release|x86
	EndGlobalSection
	GlobalSection(ProjectConfigurationPlatforms) = postSolution
		{DC30CE66-DAEE-4CCF-BD02-8837FE918B6F}.Debug|ARM.ActiveCfg = Debug|ARM
		{DC30CE66-DAEE-4CCF-BD02-8837FE918B6F}.Debug|ARM.Build.0 = Debug|ARM
		{DC30CE66-DAEE-4CCF-BD02-8837FE918B6F}.Debug|ARM.Deploy.0 = Debug|ARM
		{DC30CE66-DAEE-4CCF-BD02-8837FE918B6F}.Debug|x64.ActiveCfg = Debug|x64
		{DC30CE66-DAEE-4CCF-BD02-8837FE918B6F}.Debug|x64.Build.0 = Debug|x64
		{DC30CE66-DAEE-4CCF-BD02-8837FE918B6F}.Debug|x64.Deploy.0 = Debug|x64
		{DC30CE66-DAEE-4CCF-BD02-8837FE918B6F}.Debug|x86.ActiveCfg = Debug|x86
		{DC30CE66-DAEE-4CCF-BD02-8837FE918B6F}.Debug|x86.Build.0 = Debug|x86
		{DC30CE66-DAEE-4CCF-BD02-8837FE918B6F}.Debug|x86.Deploy.0 = Debug|x86
		{DC30CE66-DAEE-4CCF-BD02-8837FE918B6F}.Release|ARM.ActiveCfg = Release|ARM
		{DC30CE66-DAEE-4CCF-BD02-8837FE918B6F}.Release|ARM.Build.0 = Release|ARM
		{DC30CE66-DAEE-4CCF-BD02-8837FE918B6F}.Release|ARM.Deploy.0 = Release|ARM
		{DC30CE66-DAEE-4CCF-BD02-8837FE918B6F}.Release|x64.ActiveCfg = Release|x64
		{DC30CE66-DAEE-4CCF-BD02-8837FE918B6F}.Release|x64.Build.0 = Release|x64
		{DC30CE66-DAEE-4CCF-BD02-8837FE918B6F}.Release|x64.Deploy.0 = Release|x64
		{DC30CE66-DAEE-4CCF-BD02-8837FE918B6F}.Release|x86.ActiveCfg = Release|x86
		{DC30CE66-DAEE-4CCF-BD02-8837FE918B6F}.Release|x86.Build.0 = Release|x86
		{DC30CE66-DAEE-4CCF-BD02-8837FE918B6F}.Release|x86.Deploy.0 = Release|x86
	EndGlobalSection
	GlobalSection(SolutionProperties) = preSolution
		HideSolutionNode = FALSE
	EndGlobalSection
	GlobalSection(NestedProjects) = preSolution
		{5936462E-C20C-4CA0-8DB3-8FD7D71B528A} = {BF835282-F91A-4A43-83F5-5420F17B2FAE}
		{328D59D6-1BB3-46F5-86CA-0D8E742FC57A} = {BF835282-F91A-4A43-83F5-5420F17B2FAE}
	EndGlobalSection
EndGlobal
